// !$*UTF8*$!
{
	archiveVersion = 1;
	classes = {
	};
	objectVersion = 46;
	objects = {

/* Begin PBXBuildFile section */
		08467B12145865C2002CED78 /* UIKit.framework in Frameworks */ = {isa = PBXBuildFile; fileRef = 08467B11145865C2002CED78 /* UIKit.framework */; };
		08467B14145865C2002CED78 /* Foundation.framework in Frameworks */ = {isa = PBXBuildFile; fileRef = 08467B13145865C2002CED78 /* Foundation.framework */; };
		08467B16145865C2002CED78 /* CoreGraphics.framework in Frameworks */ = {isa = PBXBuildFile; fileRef = 08467B15145865C2002CED78 /* CoreGraphics.framework */; };
		08467B1C145865C2002CED78 /* InfoPlist.strings in Resources */ = {isa = PBXBuildFile; fileRef = 08467B1A145865C2002CED78 /* InfoPlist.strings */; };
		08467B1E145865C2002CED78 /* main.m in Sources */ = {isa = PBXBuildFile; fileRef = 08467B1D145865C2002CED78 /* main.m */; };
		08467B22145865C2002CED78 /* IRISAppDelegate.m in Sources */ = {isa = PBXBuildFile; fileRef = 08467B21145865C2002CED78 /* IRISAppDelegate.m */; };
		08C9D0FF146224C5009F65C9 /* 57x57.png in Resources */ = {isa = PBXBuildFile; fileRef = 08C9D0FE146224C5009F65C9 /* 57x57.png */; };
		08C9D101146224CB009F65C9 /* 114x114.png in Resources */ = {isa = PBXBuildFile; fileRef = 08C9D100146224CB009F65C9 /* 114x114.png */; };
/* End PBXBuildFile section */

/* Begin PBXFileReference section */
		08467B0D145865C2002CED78 /* iGrab.app */ = {isa = PBXFileReference; explicitFileType = wrapper.application; includeInIndex = 0; path = iGrab.app; sourceTree = BUILT_PRODUCTS_DIR; };
		08467B11145865C2002CED78 /* UIKit.framework */ = {isa = PBXFileReference; lastKnownFileType = wrapper.framework; name = UIKit.framework; path = System/Library/Frameworks/UIKit.framework; sourceTree = SDKROOT; };
		08467B13145865C2002CED78 /* Foundation.framework */ = {isa = PBXFileReference; lastKnownFileType = wrapper.framework; name = Foundation.framework; path = System/Library/Frameworks/Foundation.framework; sourceTree = SDKROOT; };
		08467B15145865C2002CED78 /* CoreGraphics.framework */ = {isa = PBXFileReference; lastKnownFileType = wrapper.framework; name = CoreGraphics.framework; path = System/Library/Frameworks/CoreGraphics.framework; sourceTree = SDKROOT; };
		08467B19145865C2002CED78 /* iGrab-Info.plist */ = {isa = PBXFileReference; lastKnownFileType = text.plist.xml; path = "iGrab-Info.plist"; sourceTree = "<group>"; };
		08467B1B145865C2002CED78 /* en */ = {isa = PBXFileReference; lastKnownFileType = text.plist.strings; name = en; path = en.lproj/InfoPlist.strings; sourceTree = "<group>"; };
		08467B1D145865C2002CED78 /* main.m */ = {isa = PBXFileReference; lastKnownFileType = sourcecode.c.objc; path = main.m; sourceTree = "<group>"; };
		08467B1F145865C2002CED78 /* iGrab-Prefix.pch */ = {isa = PBXFileReference; lastKnownFileType = sourcecode.c.h; path = "iGrab-Prefix.pch"; sourceTree = "<group>"; };
		08467B20145865C2002CED78 /* IRISAppDelegate.h */ = {isa = PBXFileReference; lastKnownFileType = sourcecode.c.h; path = IRISAppDelegate.h; sourceTree = "<group>"; };
		08467B21145865C2002CED78 /* IRISAppDelegate.m */ = {isa = PBXFileReference; lastKnownFileType = sourcecode.c.objc; path = IRISAppDelegate.m; sourceTree = "<group>"; };
		08C9D0FE146224C5009F65C9 /* 57x57.png */ = {isa = PBXFileReference; lastKnownFileType = image.png; path = 57x57.png; sourceTree = "<group>"; };
		08C9D100146224CB009F65C9 /* 114x114.png */ = {isa = PBXFileReference; lastKnownFileType = image.png; path = 114x114.png; sourceTree = "<group>"; };
/* End PBXFileReference section */

/* Begin PBXFrameworksBuildPhase section */
		08467B0A145865C2002CED78 /* Frameworks */ = {
			isa = PBXFrameworksBuildPhase;
			buildActionMask = 2147483647;
			files = (
				08467B12145865C2002CED78 /* UIKit.framework in Frameworks */,
				08467B14145865C2002CED78 /* Foundation.framework in Frameworks */,
				08467B16145865C2002CED78 /* CoreGraphics.framework in Frameworks */,
			);
			runOnlyForDeploymentPostprocessing = 0;
		};
/* End PBXFrameworksBuildPhase section */

/* Begin PBXGroup section */
		08467B02145865C1002CED78 = {
			isa = PBXGroup;
			children = (
				08C9D100146224CB009F65C9 /* 114x114.png */,
				08C9D0FE146224C5009F65C9 /* 57x57.png */,
				08467B17145865C2002CED78 /* iGrab */,
				08467B10145865C2002CED78 /* Frameworks */,
				08467B0E145865C2002CED78 /* Products */,
			);
			sourceTree = "<group>";
		};
		08467B0E145865C2002CED78 /* Products */ = {
			isa = PBXGroup;
			children = (
				08467B0D145865C2002CED78 /* iGrab.app */,
			);
			name = Products;
			sourceTree = "<group>";
		};
		08467B10145865C2002CED78 /* Frameworks */ = {
			isa = PBXGroup;
			children = (
				08467B11145865C2002CED78 /* UIKit.framework */,
				08467B13145865C2002CED78 /* Foundation.framework */,
				08467B15145865C2002CED78 /* CoreGraphics.framework */,
			);
			name = Frameworks;
			sourceTree = "<group>";
		};
		08467B17145865C2002CED78 /* iGrab */ = {
			isa = PBXGroup;
			children = (
				08467B20145865C2002CED78 /* IRISAppDelegate.h */,
				08467B21145865C2002CED78 /* IRISAppDelegate.m */,
				08467B18145865C2002CED78 /* Supporting Files */,
			);
			path = iGrab;
			sourceTree = "<group>";
		};
		08467B18145865C2002CED78 /* Supporting Files */ = {
			isa = PBXGroup;
			children = (
				08467B19145865C2002CED78 /* iGrab-Info.plist */,
				08467B1A145865C2002CED78 /* InfoPlist.strings */,
				08467B1D145865C2002CED78 /* main.m */,
				08467B1F145865C2002CED78 /* iGrab-Prefix.pch */,
			);
			name = "Supporting Files";
			sourceTree = "<group>";
		};
/* End PBXGroup section */

/* Begin PBXNativeTarget section */
		08467B0C145865C2002CED78 /* iGrab */ = {
			isa = PBXNativeTarget;
			buildConfigurationList = 08467B25145865C2002CED78 /* Build configuration list for PBXNativeTarget "iGrab" */;
			buildPhases = (
				08467B09145865C2002CED78 /* Sources */,
				08467B0A145865C2002CED78 /* Frameworks */,
				08467B0B145865C2002CED78 /* Resources */,
			);
			buildRules = (
			);
			dependencies = (
			);
			name = iGrab;
			productName = iGrab;
			productReference = 08467B0D145865C2002CED78 /* iGrab.app */;
			productType = "com.apple.product-type.application";
		};
/* End PBXNativeTarget section */

/* Begin PBXProject section */
		08467B04145865C1002CED78 /* Project object */ = {
			isa = PBXProject;
			attributes = {
				LastUpgradeCheck = 0420;
				ORGANIZATIONNAME = djayb6;
			};
			buildConfigurationList = 08467B07145865C1002CED78 /* Build configuration list for PBXProject "iGrab" */;
			compatibilityVersion = "Xcode 3.2";
			developmentRegion = English;
			hasScannedForEncodings = 0;
			knownRegions = (
				en,
			);
			mainGroup = 08467B02145865C1002CED78;
			productRefGroup = 08467B0E145865C2002CED78 /* Products */;
			projectDirPath = "";
			projectRoot = "";
			targets = (
				08467B0C145865C2002CED78 /* iGrab */,
			);
		};
/* End PBXProject section */

/* Begin PBXResourcesBuildPhase section */
		08467B0B145865C2002CED78 /* Resources */ = {
			isa = PBXResourcesBuildPhase;
			buildActionMask = 2147483647;
			files = (
				08467B1C145865C2002CED78 /* InfoPlist.strings in Resources */,
				08C9D0FF146224C5009F65C9 /* 57x57.png in Resources */,
				08C9D101146224CB009F65C9 /* 114x114.png in Resources */,
			);
			runOnlyForDeploymentPostprocessing = 0;
		};
/* End PBXResourcesBuildPhase section */

/* Begin PBXSourcesBuildPhase section */
		08467B09145865C2002CED78 /* Sources */ = {
			isa = PBXSourcesBuildPhase;
			buildActionMask = 2147483647;
			files = (
				08467B1E145865C2002CED78 /* main.m in Sources */,
				08467B22145865C2002CED78 /* IRISAppDelegate.m in Sources */,
			);
			runOnlyForDeploymentPostprocessing = 0;
		};
/* End PBXSourcesBuildPhase section */

/* Begin PBXVariantGroup section */
		08467B1A145865C2002CED78 /* InfoPlist.strings */ = {
			isa = PBXVariantGroup;
			children = (
				08467B1B145865C2002CED78 /* en */,
			);
			name = InfoPlist.strings;
			sourceTree = "<group>";
		};
/* End PBXVariantGroup section */

/* Begin XCBuildConfiguration section */
		08467B23145865C2002CED78 /* Debug */ = {
			isa = XCBuildConfiguration;
			buildSettings = {
				ALWAYS_SEARCH_USER_PATHS = NO;
				ARCHS = "$(ARCHS_STANDARD_32_BIT)";
				CLANG_ENABLE_OBJC_ARC = YES;
				"CODE_SIGN_IDENTITY[sdk=iphoneos*]" = "iPhone Developer";
				COPY_PHASE_STRIP = NO;
				GCC_C_LANGUAGE_STANDARD = gnu99;
				GCC_DYNAMIC_NO_PIC = NO;
				GCC_OPTIMIZATION_LEVEL = 0;
				GCC_PREPROCESSOR_DEFINITIONS = (
					"DEBUG=1",
					"$(inherited)",
				);
				GCC_SYMBOLS_PRIVATE_EXTERN = NO;
				GCC_VERSION = com.apple.compilers.llvm.clang.1_0;
				GCC_WARN_ABOUT_MISSING_PROTOTYPES = YES;
				GCC_WARN_ABOUT_RETURN_TYPE = YES;
				GCC_WARN_UNUSED_VARIABLE = YES;
				IPHONEOS_DEPLOYMENT_TARGET = 5.0;
				SDKROOT = iphoneos;
				TARGETED_DEVICE_FAMILY = "1,2";
			};
			name = Debug;
		};
		08467B24145865C2002CED78 /* Release */ = {
			isa = XCBuildConfiguration;
			buildSettings = {
				ALWAYS_SEARCH_USER_PATHS = NO;
				ARCHS = "$(ARCHS_STANDARD_32_BIT)";
				CLANG_ENABLE_OBJC_ARC = YES;
				"CODE_SIGN_IDENTITY[sdk=iphoneos*]" = "iPhone Developer";
				COPY_PHASE_STRIP = YES;
				GCC_C_LANGUAGE_STANDARD = gnu99;
				GCC_VERSION = com.apple.compilers.llvm.clang.1_0;
				GCC_WARN_ABOUT_MISSING_PROTOTYPES = YES;
				GCC_WARN_ABOUT_RETURN_TYPE = YES;
				GCC_WARN_UNUSED_VARIABLE = YES;
				IPHONEOS_DEPLOYMENT_TARGET = 5.0;
				OTHER_CFLAGS = "-DNS_BLOCK_ASSERTIONS=1";
				SDKROOT = iphoneos;
				TARGETED_DEVICE_FAMILY = "1,2";
				VALIDATE_PRODUCT = YES;
			};
			name = Release;
		};
		08467B26145865C2002CED78 /* Debug */ = {
			isa = XCBuildConfiguration;
			buildSettings = {
				CLANG_ENABLE_OBJC_ARC = NO;
				GCC_PRECOMPILE_PREFIX_HEADER = YES;
				GCC_PREFIX_HEADER = "iGrab/iGrab-Prefix.pch";
				INFOPLIST_FILE = "iGrab/iGrab-Info.plist";
				PRODUCT_NAME = "$(TARGET_NAME)";
				TARGETED_DEVICE_FAMILY = 1;
				WRAPPER_EXTENSION = app;
			};
			name = Debug;
		};
		08467B27145865C2002CED78 /* Release */ = {
			isa = XCBuildConfiguration;
			buildSettings = {
				CLANG_ENABLE_OBJC_ARC = NO;
				GCC_PRECOMPILE_PREFIX_HEADER = YES;
				GCC_PREFIX_HEADER = "iGrab/iGrab-Prefix.pch";
				INFOPLIST_FILE = "iGrab/iGrab-Info.plist";
				PRODUCT_NAME = "$(TARGET_NAME)";
				TARGETED_DEVICE_FAMILY = 1;
				WRAPPER_EXTENSION = app;
			};
			name = Release;
		};
		08467B321458E3F9002CED78 /* Distribution */ = {
			isa = XCBuildConfiguration;
			buildSettings = {
				ALWAYS_SEARCH_USER_PATHS = NO;
				ARCHS = "$(ARCHS_STANDARD_32_BIT)";
				CLANG_ENABLE_OBJC_ARC = YES;
				CODE_SIGN_ENTITLEMENTS = "";
				CODE_SIGN_IDENTITY = "";
				"CODE_SIGN_IDENTITY[sdk=iphoneos*]" = "iPhone Distribution";
				COPY_PHASE_STRIP = YES;
				GCC_C_LANGUAGE_STANDARD = gnu99;
				GCC_VERSION = com.apple.compilers.llvm.clang.1_0;
				GCC_WARN_ABOUT_MISSING_PROTOTYPES = YES;
				GCC_WARN_ABOUT_RETURN_TYPE = YES;
				GCC_WARN_UNUSED_VARIABLE = YES;
				IPHONEOS_DEPLOYMENT_TARGET = 5.0;
				OTHER_CFLAGS = "-DNS_BLOCK_ASSERTIONS=1";
				"PROVISIONING_PROFILE[sdk=iphoneos*]" = "";
				SDKROOT = iphoneos;
				TARGETED_DEVICE_FAMILY = "1,2";
				VALIDATE_PRODUCT = YES;
			};
			name = Distribution;
		};
		08467B331458E3F9002CED78 /* Distribution */ = {
			isa = XCBuildConfiguration;
			buildSettings = {
				CLANG_ENABLE_OBJC_ARC = NO;
				CODE_SIGN_IDENTITY = "";
				"CODE_SIGN_IDENTITY[sdk=iphoneos*]" = "iPhone Distribution";
				GCC_PRECOMPILE_PREFIX_HEADER = YES;
				GCC_PREFIX_HEADER = "iGrab/iGrab-Prefix.pch";
				INFOPLIST_FILE = "iGrab/iGrab-Info.plist";
				PRODUCT_NAME = "$(TARGET_NAME)";
				"PROVISIONING_PROFILE[sdk=iphoneos*]" = "";
				TARGETED_DEVICE_FAMILY = 1;
				WRAPPER_EXTENSION = app;
			};
			name = Distribution;
		};
/* End XCBuildConfiguration section */

/* Begin XCConfigurationList section */
		08467B07145865C1002CED78 /* Build configuration list for PBXProject "iGrab" */ = {
			isa = XCConfigurationList;
			buildConfigurations = (
				08467B23145865C2002CED78 /* Debug */,
				08467B24145865C2002CED78 /* Release */,
				08467B321458E3F9002CED78 /* Distribution */,
			);
			defaultConfigurationIsVisible = 0;
			defaultConfigurationName = Release;
		};
		08467B25145865C2002CED78 /* Build configuration list for PBXNativeTarget "iGrab" */ = {
			isa = XCConfigurationList;
			buildConfigurations = (
				08467B26145865C2002CED78 /* Debug */,
				08467B27145865C2002CED78 /* Release */,
				08467B331458E3F9002CED78 /* Distribution */,
			);
			defaultConfigurationIsVisible = 0;
			defaultConfigurationName = Release;
		};
/* End XCConfigurationList section */
	};
	rootObject = 08467B04145865C1002CED78 /* Project object */;
}
